
Microsoft Visual Studio Solution File, Format Version 12.00
# Visual Studio Version 16
VisualStudioVersion = 16.0.31129.286
MinimumVisualStudioVersion = 10.0.40219.1
Project("{9A19103F-16F7-4668-BE54-9A1E7A4F7556}") = "ClientsAgregator", "ClientsAgregator\ClientsAgregator.csproj", "{AF4CD22C-FE6C-40F0-A2DB-A2C4D6E5D959}"
EndProject
Project("{00D1A9C2-B5F0-4AF3-8072-F6C62B433612}") = "ClientsAgregator.Database", "ClientsAgregator.Database\ClientsAgregator.Database.sqlproj", "{DDA3DA8C-6BED-46B2-B224-96963A6D76A4}"
EndProject
Global
	GlobalSection(SolutionConfigurationPlatforms) = preSolution
		Debug|Any CPU = Debug|Any CPU
		Release|Any CPU = Release|Any CPU
	EndGlobalSection
	GlobalSection(ProjectConfigurationPlatforms) = postSolution
		{AF4CD22C-FE6C-40F0-A2DB-A2C4D6E5D959}.Debug|Any CPU.ActiveCfg = Debug|Any CPU
		{AF4CD22C-FE6C-40F0-A2DB-A2C4D6E5D959}.Debug|Any CPU.Build.0 = Debug|Any CPU
		{AF4CD22C-FE6C-40F0-A2DB-A2C4D6E5D959}.Release|Any CPU.ActiveCfg = Release|Any CPU
		{AF4CD22C-FE6C-40F0-A2DB-A2C4D6E5D959}.Release|Any CPU.Build.0 = Release|Any CPU
		{DDA3DA8C-6BED-46B2-B224-96963A6D76A4}.Debug|Any CPU.ActiveCfg = Debug|Any CPU
		{DDA3DA8C-6BED-46B2-B224-96963A6D76A4}.Debug|Any CPU.Build.0 = Debug|Any CPU
		{DDA3DA8C-6BED-46B2-B224-96963A6D76A4}.Debug|Any CPU.Deploy.0 = Debug|Any CPU
		{DDA3DA8C-6BED-46B2-B224-96963A6D76A4}.Release|Any CPU.ActiveCfg = Release|Any CPU
		{DDA3DA8C-6BED-46B2-B224-96963A6D76A4}.Release|Any CPU.Build.0 = Release|Any CPU
		{DDA3DA8C-6BED-46B2-B224-96963A6D76A4}.Release|Any CPU.Deploy.0 = Release|Any CPU
	EndGlobalSection
	GlobalSection(SolutionProperties) = preSolution
		HideSolutionNode = FALSE
	EndGlobalSection
	GlobalSection(ExtensibilityGlobals) = postSolution
		SolutionGuid = {E73CB3FC-33C7-4C44-B797-34AE9B4323B7}
	EndGlobalSection
EndGlobal
